
Microsoft Visual Studio Solution File, Format Version 12.00
# Visual Studio 2013
VisualStudioVersion = 12.0.31101.0
MinimumVisualStudioVersion = 10.0.40219.1
Project("{2150E333-8FDC-42A3-9474-1A3956D46DE8}") = "Solution Items", "Solution Items", "{900AB5D5-69DB-471B-B175-011C2947AB9E}"
	ProjectSection(SolutionItems) = preProject
		project decomposition.txt = project decomposition.txt
	EndProjectSection
EndProject
Project("{2150E333-8FDC-42A3-9474-1A3956D46DE8}") = "Core", "Core", "{4C6DDA5E-E705-416D-9D6D-E00BEE8181FB}"
EndProject
Project("{FAE04EC0-301F-11D3-BF4B-00C04F79EFBC}") = "Crawler.Core.Common", "Core\Common\Crawler.Core.Common.csproj", "{33C41179-3B7B-41CE-856B-E7CB088EFABE}"
EndProject
Project("{2150E333-8FDC-42A3-9474-1A3956D46DE8}") = "Facebook", "Facebook", "{8B77D7B9-E30A-4FC7-89B5-DABF2CCB44CA}"
EndProject
Project("{FAE04EC0-301F-11D3-BF4B-00C04F79EFBC}") = "Crawler.Facebook.Api", "Facebook\Api\Crawler.Facebook.Api.csproj", "{5F990830-1081-4133-A4CA-3BC5F2B55213}"
EndProject
Project("{FAE04EC0-301F-11D3-BF4B-00C04F79EFBC}") = "Crawler.Facebook.Html", "Facebook\Html\Crawler.Facebook.Html.csproj", "{AFFBA0F2-BBEA-49AA-B4AD-7D21B0B0C665}"
EndProject
Project("{2150E333-8FDC-42A3-9474-1A3956D46DE8}") = "Github", "Github", "{0A62BD84-2273-44DA-92A5-08E8B88D6163}"
EndProject
Project("{FAE04EC0-301F-11D3-BF4B-00C04F79EFBC}") = "Crawler.Github.Api", "Github\Api\Crawler.Github.Api.csproj", "{BBA2C094-2685-42BF-99E8-D895C11E0E5B}"
EndProject
Project("{2150E333-8FDC-42A3-9474-1A3956D46DE8}") = ".nuget", ".nuget", "{C5094F96-1972-4472-BD2B-74FD6FA84776}"
	ProjectSection(SolutionItems) = preProject
		.nuget\NuGet.Config = .nuget\NuGet.Config
		.nuget\NuGet.exe = .nuget\NuGet.exe
		.nuget\NuGet.targets = .nuget\NuGet.targets
	EndProjectSection
EndProject
Project("{2150E333-8FDC-42A3-9474-1A3956D46DE8}") = "UnitTesting", "UnitTesting", "{91F0D5F4-E88F-499C-8BAB-6BC2E510749B}"
EndProject
Project("{FAE04EC0-301F-11D3-BF4B-00C04F79EFBC}") = "Crawler.UnitTesting", "UnitTesting\Crawler.UnitTesting.csproj", "{2676616C-1E4B-4692-A59C-C9C573366EAC}"
EndProject
Global
	GlobalSection(SolutionConfigurationPlatforms) = preSolution
		Debug|Any CPU = Debug|Any CPU
		Release|Any CPU = Release|Any CPU
	EndGlobalSection
	GlobalSection(ProjectConfigurationPlatforms) = postSolution
		{33C41179-3B7B-41CE-856B-E7CB088EFABE}.Debug|Any CPU.ActiveCfg = Debug|Any CPU
		{33C41179-3B7B-41CE-856B-E7CB088EFABE}.Debug|Any CPU.Build.0 = Debug|Any CPU
		{33C41179-3B7B-41CE-856B-E7CB088EFABE}.Release|Any CPU.ActiveCfg = Release|Any CPU
		{33C41179-3B7B-41CE-856B-E7CB088EFABE}.Release|Any CPU.Build.0 = Release|Any CPU
		{5F990830-1081-4133-A4CA-3BC5F2B55213}.Debug|Any CPU.ActiveCfg = Debug|Any CPU
		{5F990830-1081-4133-A4CA-3BC5F2B55213}.Debug|Any CPU.Build.0 = Debug|Any CPU
		{5F990830-1081-4133-A4CA-3BC5F2B55213}.Release|Any CPU.ActiveCfg = Release|Any CPU
		{5F990830-1081-4133-A4CA-3BC5F2B55213}.Release|Any CPU.Build.0 = Release|Any CPU
		{AFFBA0F2-BBEA-49AA-B4AD-7D21B0B0C665}.Debug|Any CPU.ActiveCfg = Debug|Any CPU
		{AFFBA0F2-BBEA-49AA-B4AD-7D21B0B0C665}.Debug|Any CPU.Build.0 = Debug|Any CPU
		{AFFBA0F2-BBEA-49AA-B4AD-7D21B0B0C665}.Release|Any CPU.ActiveCfg = Release|Any CPU
		{AFFBA0F2-BBEA-49AA-B4AD-7D21B0B0C665}.Release|Any CPU.Build.0 = Release|Any CPU
		{BBA2C094-2685-42BF-99E8-D895C11E0E5B}.Debug|Any CPU.ActiveCfg = Debug|Any CPU
		{BBA2C094-2685-42BF-99E8-D895C11E0E5B}.Debug|Any CPU.Build.0 = Debug|Any CPU
		{BBA2C094-2685-42BF-99E8-D895C11E0E5B}.Release|Any CPU.ActiveCfg = Release|Any CPU
		{BBA2C094-2685-42BF-99E8-D895C11E0E5B}.Release|Any CPU.Build.0 = Release|Any CPU
		{2676616C-1E4B-4692-A59C-C9C573366EAC}.Debug|Any CPU.ActiveCfg = Debug|Any CPU
		{2676616C-1E4B-4692-A59C-C9C573366EAC}.Debug|Any CPU.Build.0 = Debug|Any CPU
		{2676616C-1E4B-4692-A59C-C9C573366EAC}.Release|Any CPU.ActiveCfg = Release|Any CPU
		{2676616C-1E4B-4692-A59C-C9C573366EAC}.Release|Any CPU.Build.0 = Release|Any CPU
	EndGlobalSection
	GlobalSection(SolutionProperties) = preSolution
		HideSolutionNode = FALSE
	EndGlobalSection
	GlobalSection(NestedProjects) = preSolution
		{33C41179-3B7B-41CE-856B-E7CB088EFABE} = {4C6DDA5E-E705-416D-9D6D-E00BEE8181FB}
		{5F990830-1081-4133-A4CA-3BC5F2B55213} = {8B77D7B9-E30A-4FC7-89B5-DABF2CCB44CA}
		{AFFBA0F2-BBEA-49AA-B4AD-7D21B0B0C665} = {8B77D7B9-E30A-4FC7-89B5-DABF2CCB44CA}
		{BBA2C094-2685-42BF-99E8-D895C11E0E5B} = {0A62BD84-2273-44DA-92A5-08E8B88D6163}
		{2676616C-1E4B-4692-A59C-C9C573366EAC} = {91F0D5F4-E88F-499C-8BAB-6BC2E510749B}
	EndGlobalSection
EndGlobal
